
Microsoft Visual Studio Solution File, Format Version 12.00
# Visual Studio Version 17
VisualStudioVersion = 17.5.002.0
MinimumVisualStudioVersion = 10.0.40219.1
Project("{2150E333-8FDC-42A3-9474-1A3956D46DE8}") = "src", "src", "{B12B1DD3-C591-4C12-9C97-17BC435555AB}"
EndProject
Project("{9A19103F-16F7-4668-BE54-9A1E7A4F7556}") = "FastEndPoint", "src\FastEndPoint\FastEndPoint.csproj", "{45D2003F-2B18-4C62-BB5F-0C8F39F57269}"
EndProject
Global
	GlobalSection(SolutionConfigurationPlatforms) = preSolution
		Debug|Any CPU = Debug|Any CPU
		Release|Any CPU = Release|Any CPU
	EndGlobalSection
	GlobalSection(ProjectConfigurationPlatforms) = postSolution
		{45D2003F-2B18-4C62-BB5F-0C8F39F57269}.Debug|Any CPU.ActiveCfg = Debug|Any CPU
		{45D2003F-2B18-4C62-BB5F-0C8F39F57269}.Debug|Any CPU.Build.0 = Debug|Any CPU
		{45D2003F-2B18-4C62-BB5F-0C8F39F57269}.Release|Any CPU.ActiveCfg = Release|Any CPU
		{45D2003F-2B18-4C62-BB5F-0C8F39F57269}.Release|Any CPU.Build.0 = Release|Any CPU
	EndGlobalSection
	GlobalSection(SolutionProperties) = preSolution
		HideSolutionNode = FALSE
	EndGlobalSection
	GlobalSection(NestedProjects) = preSolution
		{45D2003F-2B18-4C62-BB5F-0C8F39F57269} = {B12B1DD3-C591-4C12-9C97-17BC435555AB}
	EndGlobalSection
	GlobalSection(ExtensibilityGlobals) = postSolution
		SolutionGuid = {C36613D1-24EE-414B-AAE2-18AC1C3B7917}
	EndGlobalSection
EndGlobal
